
Microsoft Visual Studio Solution File, Format Version 12.00
# Visual Studio Version 17
VisualStudioVersion = 17.4.33110.190
MinimumVisualStudioVersion = 10.0.40219.1
Project("{FAE04EC0-301F-11D3-BF4B-00C04F79EFBC}") = "Discord", "Discord\Discord.csproj", "{56815C7A-3043-4C2F-A124-93D93B7BAE3C}"
EndProject
Global
	GlobalSection(SolutionConfigurationPlatforms) = preSolution
		Debug|Any CPU = Debug|Any CPU
		Release|Any CPU = Release|Any CPU
	EndGlobalSection
	GlobalSection(ProjectConfigurationPlatforms) = postSolution
		{56815C7A-3043-4C2F-A124-93D93B7BAE3C}.Debug|Any CPU.ActiveCfg = Debug|Any CPU
		{56815C7A-3043-4C2F-A124-93D93B7BAE3C}.Debug|Any CPU.Build.0 = Debug|Any CPU
		{56815C7A-3043-4C2F-A124-93D93B7BAE3C}.Release|Any CPU.ActiveCfg = Release|Any CPU
		{56815C7A-3043-4C2F-A124-93D93B7BAE3C}.Release|Any CPU.Build.0 = Release|Any CPU
	EndGlobalSection
	GlobalSection(SolutionProperties) = preSolution
		HideSolutionNode = FALSE
	EndGlobalSection
	GlobalSection(ExtensibilityGlobals) = postSolution
		SolutionGuid = {EB591F04-EBC4-4247-98D6-247EA2A7F45D}
	EndGlobalSection
EndGlobal
